<?xml version="1.0" encoding="utf-8"?>
<Project ToolsVersion="4.0" xmlns:atg="http://atg.xbox.com" xmlns="http://schemas.microsoft.com/developer/msbuild/2003">
  <ItemGroup>
    <Filter Include="Resource Files">
      <UniqueIdentifier>{8e114980-c1a3-4ada-ad7c-83caadf5daeb}</UniqueIdentifier>
      <Extensions>rc;ico;cur;bmp;dlg;rc2;rct;bin;rgs;gif;jpg;jpeg;jpe</Extensions>
    </Filter>
    <Filter Include="Shaders">
      <UniqueIdentifier>{2c3d4c8c-5d1a-459a-a05a-a4e4b608a44e}</UniqueIdentifier>
      <Extensions>fx;fxh;hlsl</Extensions>
    </Filter>
  </ItemGroup>
  <ItemGroup>
    <ClCompile Include="DDSTextureLoader.cpp" />
    <ClCompile Include="Stormvile.cpp" />
    <ClCompile Include="Bullet.cpp" />
    <ClCompile Include="Corridor.cpp" />
    <ClCompile Include="Gun.cpp" />
    <ClCompile Include="Player.cpp" />
    <ClCompile Include="Boundaries.cpp" />
    <ClCompile Include="Target.cpp" />
    <ClCompile Include="CollisionBox.cpp" />
    <ClCompile Include="GameObject.cpp" />
    <ClCompile Include="Room.cpp" />
  </ItemGroup>
  <ItemGroup>
    <CLInclude Include="resource.h">
      <Filter>Resource Files</Filter>
    </CLInclude>
    <ResourceCompile Include="Tutorial07.rc">
      <Filter>Resource Files</Filter>
    </ResourceCompile>
    <ClInclude Include="DDSTextureLoader.h" />
    <ClInclude Include="Player.h" />
    <ClInclude Include="Boundaries.h" />
    <ClInclude Include="Bullet.h" />
    <ClInclude Include="Corridor.h" />
    <ClInclude Include="Gun.h" />
    <ClInclude Include="VectorMaths.h" />
    <ClInclude Include="Target.h" />
    <ClInclude Include="CollisionBox.h" />
    <ClInclude Include="GameObject.h" />
    <ClInclude Include="StopWatch.h" />
    <ClInclude Include="Room.h" />
    <ClInclude Include="OBJ_Loader.h" />
    <ClInclude Include="Model.h" />
  </ItemGroup>
  <ItemGroup>
    <FxCompile Include="Tutorial07.fx">
      <Filter>Shaders</Filter>
    </FxCompile>
    <FxCompile Include="Tutorial07_PS.hlsl">
      <Filter>Shaders</Filter>
    </FxCompile>
    <FxCompile Include="Tutorial07_VS.hlsl">
      <Filter>Shaders</Filter>
    </FxCompile>
  </ItemGroup>
  <ItemGroup>
    <Image Include="seafloor.dds">
      <Filter>Resource Files</Filter>
    </Image>
  </ItemGroup>
  <ItemGroup>
    <None Include="packages.config" />
  </ItemGroup>
</Project>